
Microsoft Visual Studio Solution File, Format Version 12.00
# Visual Studio Version 17
VisualStudioVersion = 17.13.35825.156 d17.13
MinimumVisualStudioVersion = 10.0.40219.1
Project("{FAE04EC0-301F-11D3-BF4B-00C04F79EFBC}") = "SP_Trigger_Challenge_Team_AmaniMathlaRahma", "SP_Trigger_Challenge_Team_AmaniMathlaRahma.csproj", "{9AD25575-B9FD-44BC-B1EE-8163DB79234E}"
EndProject
Global
	GlobalSection(SolutionConfigurationPlatforms) = preSolution
		Debug|Any CPU = Debug|Any CPU
		Release|Any CPU = Release|Any CPU
	EndGlobalSection
	GlobalSection(ProjectConfigurationPlatforms) = postSolution
		{9AD25575-B9FD-44BC-B1EE-8163DB79234E}.Debug|Any CPU.ActiveCfg = Debug|Any CPU
		{9AD25575-B9FD-44BC-B1EE-8163DB79234E}.Debug|Any CPU.Build.0 = Debug|Any CPU
		{9AD25575-B9FD-44BC-B1EE-8163DB79234E}.Release|Any CPU.ActiveCfg = Release|Any CPU
		{9AD25575-B9FD-44BC-B1EE-8163DB79234E}.Release|Any CPU.Build.0 = Release|Any CPU
	EndGlobalSection
	GlobalSection(SolutionProperties) = preSolution
		HideSolutionNode = FALSE
	EndGlobalSection
	GlobalSection(ExtensibilityGlobals) = postSolution
		SolutionGuid = {827D76DB-207B-4FF9-97DF-D664BBB508D7}
	EndGlobalSection
EndGlobal
